
Microsoft Visual Studio Solution File, Format Version 12.00
# Visual Studio 15
VisualStudioVersion = 15.0.26124.0
MinimumVisualStudioVersion = 15.0.26124.0
Project("{2150E333-8FDC-42A3-9474-1A3956D46DE8}") = "src", "src", "{E2C34E2F-5D43-4044-9F0C-8B2B08180526}"
EndProject
Project("{FAE04EC0-301F-11D3-BF4B-00C04F79EFBC}") = "MessageQueueExtensions", "src\MessageQueueExtensions\MessageQueueExtensions.csproj", "{9319925D-2224-4DCE-9239-E44D69B3B47C}"
EndProject
Project("{FAE04EC0-301F-11D3-BF4B-00C04F79EFBC}") = "Example", "src\Example\Example.csproj", "{5A412F9F-58A0-4B5A-BF1F-2C20C5523EB7}"
EndProject
Project("{2150E333-8FDC-42A3-9474-1A3956D46DE8}") = "tests", "tests", "{E8AD29B7-4670-478F-A3AF-EE05107A728B}"
EndProject
Project("{FAE04EC0-301F-11D3-BF4B-00C04F79EFBC}") = "UnitTests", "tests\UnitTests\UnitTests.csproj", "{702E0C25-BF72-4CB6-860B-8D9F732171D2}"
EndProject
Global
	GlobalSection(SolutionConfigurationPlatforms) = preSolution
		Debug|Any CPU = Debug|Any CPU
		Debug|x64 = Debug|x64
		Debug|x86 = Debug|x86
		Release|Any CPU = Release|Any CPU
		Release|x64 = Release|x64
		Release|x86 = Release|x86
	EndGlobalSection
	GlobalSection(SolutionProperties) = preSolution
		HideSolutionNode = FALSE
	EndGlobalSection
	GlobalSection(ProjectConfigurationPlatforms) = postSolution
		{9319925D-2224-4DCE-9239-E44D69B3B47C}.Debug|Any CPU.ActiveCfg = Debug|Any CPU
		{9319925D-2224-4DCE-9239-E44D69B3B47C}.Debug|Any CPU.Build.0 = Debug|Any CPU
		{9319925D-2224-4DCE-9239-E44D69B3B47C}.Debug|x64.ActiveCfg = Debug|Any CPU
		{9319925D-2224-4DCE-9239-E44D69B3B47C}.Debug|x64.Build.0 = Debug|Any CPU
		{9319925D-2224-4DCE-9239-E44D69B3B47C}.Debug|x86.ActiveCfg = Debug|Any CPU
		{9319925D-2224-4DCE-9239-E44D69B3B47C}.Debug|x86.Build.0 = Debug|Any CPU
		{9319925D-2224-4DCE-9239-E44D69B3B47C}.Release|Any CPU.ActiveCfg = Release|Any CPU
		{9319925D-2224-4DCE-9239-E44D69B3B47C}.Release|Any CPU.Build.0 = Release|Any CPU
		{9319925D-2224-4DCE-9239-E44D69B3B47C}.Release|x64.ActiveCfg = Release|Any CPU
		{9319925D-2224-4DCE-9239-E44D69B3B47C}.Release|x64.Build.0 = Release|Any CPU
		{9319925D-2224-4DCE-9239-E44D69B3B47C}.Release|x86.ActiveCfg = Release|Any CPU
		{9319925D-2224-4DCE-9239-E44D69B3B47C}.Release|x86.Build.0 = Release|Any CPU
		{5A412F9F-58A0-4B5A-BF1F-2C20C5523EB7}.Debug|Any CPU.ActiveCfg = Debug|Any CPU
		{5A412F9F-58A0-4B5A-BF1F-2C20C5523EB7}.Debug|Any CPU.Build.0 = Debug|Any CPU
		{5A412F9F-58A0-4B5A-BF1F-2C20C5523EB7}.Debug|x64.ActiveCfg = Debug|Any CPU
		{5A412F9F-58A0-4B5A-BF1F-2C20C5523EB7}.Debug|x64.Build.0 = Debug|Any CPU
		{5A412F9F-58A0-4B5A-BF1F-2C20C5523EB7}.Debug|x86.ActiveCfg = Debug|Any CPU
		{5A412F9F-58A0-4B5A-BF1F-2C20C5523EB7}.Debug|x86.Build.0 = Debug|Any CPU
		{5A412F9F-58A0-4B5A-BF1F-2C20C5523EB7}.Release|Any CPU.ActiveCfg = Release|Any CPU
		{5A412F9F-58A0-4B5A-BF1F-2C20C5523EB7}.Release|Any CPU.Build.0 = Release|Any CPU
		{5A412F9F-58A0-4B5A-BF1F-2C20C5523EB7}.Release|x64.ActiveCfg = Release|Any CPU
		{5A412F9F-58A0-4B5A-BF1F-2C20C5523EB7}.Release|x64.Build.0 = Release|Any CPU
		{5A412F9F-58A0-4B5A-BF1F-2C20C5523EB7}.Release|x86.ActiveCfg = Release|Any CPU
		{5A412F9F-58A0-4B5A-BF1F-2C20C5523EB7}.Release|x86.Build.0 = Release|Any CPU
		{702E0C25-BF72-4CB6-860B-8D9F732171D2}.Debug|Any CPU.ActiveCfg = Debug|Any CPU
		{702E0C25-BF72-4CB6-860B-8D9F732171D2}.Debug|Any CPU.Build.0 = Debug|Any CPU
		{702E0C25-BF72-4CB6-860B-8D9F732171D2}.Debug|x64.ActiveCfg = Debug|Any CPU
		{702E0C25-BF72-4CB6-860B-8D9F732171D2}.Debug|x64.Build.0 = Debug|Any CPU
		{702E0C25-BF72-4CB6-860B-8D9F732171D2}.Debug|x86.ActiveCfg = Debug|Any CPU
		{702E0C25-BF72-4CB6-860B-8D9F732171D2}.Debug|x86.Build.0 = Debug|Any CPU
		{702E0C25-BF72-4CB6-860B-8D9F732171D2}.Release|Any CPU.ActiveCfg = Release|Any CPU
		{702E0C25-BF72-4CB6-860B-8D9F732171D2}.Release|Any CPU.Build.0 = Release|Any CPU
		{702E0C25-BF72-4CB6-860B-8D9F732171D2}.Release|x64.ActiveCfg = Release|Any CPU
		{702E0C25-BF72-4CB6-860B-8D9F732171D2}.Release|x64.Build.0 = Release|Any CPU
		{702E0C25-BF72-4CB6-860B-8D9F732171D2}.Release|x86.ActiveCfg = Release|Any CPU
		{702E0C25-BF72-4CB6-860B-8D9F732171D2}.Release|x86.Build.0 = Release|Any CPU
	EndGlobalSection
	GlobalSection(NestedProjects) = preSolution
		{9319925D-2224-4DCE-9239-E44D69B3B47C} = {E2C34E2F-5D43-4044-9F0C-8B2B08180526}
		{5A412F9F-58A0-4B5A-BF1F-2C20C5523EB7} = {E2C34E2F-5D43-4044-9F0C-8B2B08180526}
		{702E0C25-BF72-4CB6-860B-8D9F732171D2} = {E8AD29B7-4670-478F-A3AF-EE05107A728B}
	EndGlobalSection
EndGlobal
