
Microsoft Visual Studio Solution File, Format Version 12.00
# Visual Studio 15
VisualStudioVersion = 15.0.26124.0
MinimumVisualStudioVersion = 15.0.26124.0
Project("{2150E333-8FDC-42A3-9474-1A3956D46DE8}") = "src", "src", "{BF7862C0-A87E-4F6D-9CBD-5B56052C3D70}"
EndProject
Project("{FAE04EC0-301F-11D3-BF4B-00C04F79EFBC}") = "Example", "src\Example\Example.csproj", "{271C3294-78A8-472A-A23B-9CED48EC3A7B}"
EndProject
Project("{FAE04EC0-301F-11D3-BF4B-00C04F79EFBC}") = "RedisExtensions", "src\RedisExtensions\RedisExtensions.csproj", "{25D55A7A-6EC0-48E6-907D-B5111C18C84F}"
EndProject
Project("{2150E333-8FDC-42A3-9474-1A3956D46DE8}") = "tests", "tests", "{E3A92AC3-E0CC-4CCF-9DD5-0FC62776A9FB}"
EndProject
Project("{FAE04EC0-301F-11D3-BF4B-00C04F79EFBC}") = "UnitTests", "tests\UnitTests\UnitTests.csproj", "{A6864575-D26A-44AF-A9DD-8335E46D7E07}"
EndProject
Global
	GlobalSection(SolutionConfigurationPlatforms) = preSolution
		Debug|Any CPU = Debug|Any CPU
		Debug|x64 = Debug|x64
		Debug|x86 = Debug|x86
		Release|Any CPU = Release|Any CPU
		Release|x64 = Release|x64
		Release|x86 = Release|x86
	EndGlobalSection
	GlobalSection(SolutionProperties) = preSolution
		HideSolutionNode = FALSE
	EndGlobalSection
	GlobalSection(ProjectConfigurationPlatforms) = postSolution
		{271C3294-78A8-472A-A23B-9CED48EC3A7B}.Debug|Any CPU.ActiveCfg = Debug|Any CPU
		{271C3294-78A8-472A-A23B-9CED48EC3A7B}.Debug|Any CPU.Build.0 = Debug|Any CPU
		{271C3294-78A8-472A-A23B-9CED48EC3A7B}.Debug|x64.ActiveCfg = Debug|Any CPU
		{271C3294-78A8-472A-A23B-9CED48EC3A7B}.Debug|x64.Build.0 = Debug|Any CPU
		{271C3294-78A8-472A-A23B-9CED48EC3A7B}.Debug|x86.ActiveCfg = Debug|Any CPU
		{271C3294-78A8-472A-A23B-9CED48EC3A7B}.Debug|x86.Build.0 = Debug|Any CPU
		{271C3294-78A8-472A-A23B-9CED48EC3A7B}.Release|Any CPU.ActiveCfg = Release|Any CPU
		{271C3294-78A8-472A-A23B-9CED48EC3A7B}.Release|Any CPU.Build.0 = Release|Any CPU
		{271C3294-78A8-472A-A23B-9CED48EC3A7B}.Release|x64.ActiveCfg = Release|Any CPU
		{271C3294-78A8-472A-A23B-9CED48EC3A7B}.Release|x64.Build.0 = Release|Any CPU
		{271C3294-78A8-472A-A23B-9CED48EC3A7B}.Release|x86.ActiveCfg = Release|Any CPU
		{271C3294-78A8-472A-A23B-9CED48EC3A7B}.Release|x86.Build.0 = Release|Any CPU
		{25D55A7A-6EC0-48E6-907D-B5111C18C84F}.Debug|Any CPU.ActiveCfg = Debug|Any CPU
		{25D55A7A-6EC0-48E6-907D-B5111C18C84F}.Debug|Any CPU.Build.0 = Debug|Any CPU
		{25D55A7A-6EC0-48E6-907D-B5111C18C84F}.Debug|x64.ActiveCfg = Debug|Any CPU
		{25D55A7A-6EC0-48E6-907D-B5111C18C84F}.Debug|x64.Build.0 = Debug|Any CPU
		{25D55A7A-6EC0-48E6-907D-B5111C18C84F}.Debug|x86.ActiveCfg = Debug|Any CPU
		{25D55A7A-6EC0-48E6-907D-B5111C18C84F}.Debug|x86.Build.0 = Debug|Any CPU
		{25D55A7A-6EC0-48E6-907D-B5111C18C84F}.Release|Any CPU.ActiveCfg = Release|Any CPU
		{25D55A7A-6EC0-48E6-907D-B5111C18C84F}.Release|Any CPU.Build.0 = Release|Any CPU
		{25D55A7A-6EC0-48E6-907D-B5111C18C84F}.Release|x64.ActiveCfg = Release|Any CPU
		{25D55A7A-6EC0-48E6-907D-B5111C18C84F}.Release|x64.Build.0 = Release|Any CPU
		{25D55A7A-6EC0-48E6-907D-B5111C18C84F}.Release|x86.ActiveCfg = Release|Any CPU
		{25D55A7A-6EC0-48E6-907D-B5111C18C84F}.Release|x86.Build.0 = Release|Any CPU
		{A6864575-D26A-44AF-A9DD-8335E46D7E07}.Debug|Any CPU.ActiveCfg = Debug|Any CPU
		{A6864575-D26A-44AF-A9DD-8335E46D7E07}.Debug|Any CPU.Build.0 = Debug|Any CPU
		{A6864575-D26A-44AF-A9DD-8335E46D7E07}.Debug|x64.ActiveCfg = Debug|Any CPU
		{A6864575-D26A-44AF-A9DD-8335E46D7E07}.Debug|x64.Build.0 = Debug|Any CPU
		{A6864575-D26A-44AF-A9DD-8335E46D7E07}.Debug|x86.ActiveCfg = Debug|Any CPU
		{A6864575-D26A-44AF-A9DD-8335E46D7E07}.Debug|x86.Build.0 = Debug|Any CPU
		{A6864575-D26A-44AF-A9DD-8335E46D7E07}.Release|Any CPU.ActiveCfg = Release|Any CPU
		{A6864575-D26A-44AF-A9DD-8335E46D7E07}.Release|Any CPU.Build.0 = Release|Any CPU
		{A6864575-D26A-44AF-A9DD-8335E46D7E07}.Release|x64.ActiveCfg = Release|Any CPU
		{A6864575-D26A-44AF-A9DD-8335E46D7E07}.Release|x64.Build.0 = Release|Any CPU
		{A6864575-D26A-44AF-A9DD-8335E46D7E07}.Release|x86.ActiveCfg = Release|Any CPU
		{A6864575-D26A-44AF-A9DD-8335E46D7E07}.Release|x86.Build.0 = Release|Any CPU
	EndGlobalSection
	GlobalSection(NestedProjects) = preSolution
		{271C3294-78A8-472A-A23B-9CED48EC3A7B} = {BF7862C0-A87E-4F6D-9CBD-5B56052C3D70}
		{25D55A7A-6EC0-48E6-907D-B5111C18C84F} = {BF7862C0-A87E-4F6D-9CBD-5B56052C3D70}
		{A6864575-D26A-44AF-A9DD-8335E46D7E07} = {E3A92AC3-E0CC-4CCF-9DD5-0FC62776A9FB}
	EndGlobalSection
EndGlobal
